
Microsoft Visual Studio Solution File, Format Version 12.00
# Visual Studio 15
VisualStudioVersion = 15.0.27130.2010
MinimumVisualStudioVersion = 10.0.40219.1
Project("{FAE04EC0-301F-11D3-BF4B-00C04F79EFBC}") = "Builder", "Builder\Builder.csproj", "{8D16A727-902D-42CE-92AB-3D39C3458CC4}"
EndProject
Project("{FAE04EC0-301F-11D3-BF4B-00C04F79EFBC}") = "FluentBuilderInheritance", "FluentBuilderInheritance\FluentBuilderInheritance.csproj", "{3EB75283-2875-4B61-9F31-5EE9C74D36CA}"
EndProject
Project("{FAE04EC0-301F-11D3-BF4B-00C04F79EFBC}") = "BuilderFacets", "BuilderFacets\BuilderFacets.csproj", "{0AA785B0-AD85-488A-A436-6967A3CB1C37}"
EndProject
Global
	GlobalSection(SolutionConfigurationPlatforms) = preSolution
		Debug|Any CPU = Debug|Any CPU
		Release|Any CPU = Release|Any CPU
	EndGlobalSection
	GlobalSection(ProjectConfigurationPlatforms) = postSolution
		{8D16A727-902D-42CE-92AB-3D39C3458CC4}.Debug|Any CPU.ActiveCfg = Debug|Any CPU
		{8D16A727-902D-42CE-92AB-3D39C3458CC4}.Debug|Any CPU.Build.0 = Debug|Any CPU
		{8D16A727-902D-42CE-92AB-3D39C3458CC4}.Release|Any CPU.ActiveCfg = Release|Any CPU
		{8D16A727-902D-42CE-92AB-3D39C3458CC4}.Release|Any CPU.Build.0 = Release|Any CPU
		{3EB75283-2875-4B61-9F31-5EE9C74D36CA}.Debug|Any CPU.ActiveCfg = Debug|Any CPU
		{3EB75283-2875-4B61-9F31-5EE9C74D36CA}.Debug|Any CPU.Build.0 = Debug|Any CPU
		{3EB75283-2875-4B61-9F31-5EE9C74D36CA}.Release|Any CPU.ActiveCfg = Release|Any CPU
		{3EB75283-2875-4B61-9F31-5EE9C74D36CA}.Release|Any CPU.Build.0 = Release|Any CPU
		{0AA785B0-AD85-488A-A436-6967A3CB1C37}.Debug|Any CPU.ActiveCfg = Debug|Any CPU
		{0AA785B0-AD85-488A-A436-6967A3CB1C37}.Debug|Any CPU.Build.0 = Debug|Any CPU
		{0AA785B0-AD85-488A-A436-6967A3CB1C37}.Release|Any CPU.ActiveCfg = Release|Any CPU
		{0AA785B0-AD85-488A-A436-6967A3CB1C37}.Release|Any CPU.Build.0 = Release|Any CPU
	EndGlobalSection
	GlobalSection(SolutionProperties) = preSolution
		HideSolutionNode = FALSE
	EndGlobalSection
	GlobalSection(ExtensibilityGlobals) = postSolution
		SolutionGuid = {FCD7A0F3-AE3A-4D03-ABA4-E6A2C9179A00}
	EndGlobalSection
EndGlobal
